
Microsoft Visual Studio Solution File, Format Version 12.00
Project("{2150E333-8FDC-42A3-9474-1A3956D46DE8}") = "src", "src", "{9A75FCFA-6DC1-4DF3-8168-48CC073E2765}"
	ProjectSection(SolutionItems) = preProject
		src\Progress.md = src\Progress.md
	EndProjectSection
EndProject
Project("{2150E333-8FDC-42A3-9474-1A3956D46DE8}") = "tests", "tests", "{47CB401A-FD83-48B0-9408-985F9ACA7163}"
EndProject
Project("{2150E333-8FDC-42A3-9474-1A3956D46DE8}") = "Core", "Core", "{DF03D3F7-5068-42A9-8FDF-9B9015A52C9E}"
EndProject
Project("{2150E333-8FDC-42A3-9474-1A3956D46DE8}") = "Service", "Service", "{EA4A61B1-53C9-4D6E-A2A3-D7742BE5EE09}"
EndProject
Project("{FAE04EC0-301F-11D3-BF4B-00C04F79EFBC}") = "ERP.Core", "src\Core\ERP.Core\ERP.Core.csproj", "{A445D145-DC2E-40BA-9994-724E7DCAC1CE}"
EndProject
Project("{FAE04EC0-301F-11D3-BF4B-00C04F79EFBC}") = "ERP.Core.AutoMapper", "src\Core\ERP.Core.AutoMapper\ERP.Core.AutoMapper.csproj", "{39ADAB4D-DBE5-4B82-AE5D-68AC6D1EC1F5}"
EndProject
Project("{FAE04EC0-301F-11D3-BF4B-00C04F79EFBC}") = "ERP.Core.EF", "src\Core\ERP.Core.EF\ERP.Core.EF.csproj", "{A8B53CDF-A2E2-448A-96D1-A4B45B7BA3F5}"
EndProject
Project("{FAE04EC0-301F-11D3-BF4B-00C04F79EFBC}") = "ERP.Core.Web", "src\Core\ERP.Core.Web\ERP.Core.Web.csproj", "{D5DE04C2-9F27-4084-A739-9DB6AAAF77FC}"
EndProject
Project("{FAE04EC0-301F-11D3-BF4B-00C04F79EFBC}") = "ERP.Domain", "src\Service\ERP.Domain\ERP.Domain.csproj", "{A956B592-ADF9-4D0F-92C3-79FFF5CAC51E}"
EndProject
Project("{FAE04EC0-301F-11D3-BF4B-00C04F79EFBC}") = "ERP.Application", "src\Service\ERP.Application\ERP.Application.csproj", "{111C688F-2051-42C7-8A90-B0A96DF66DA8}"
EndProject
Project("{FAE04EC0-301F-11D3-BF4B-00C04F79EFBC}") = "ERP.Infrastructure", "src\Service\ERP.Infrastructure\ERP.Infrastructure.csproj", "{D1ECB66D-B5D9-47D8-8093-2874F42FB7AA}"
EndProject
Project("{FAE04EC0-301F-11D3-BF4B-00C04F79EFBC}") = "ERP.Api", "src\Service\ERP.Api\ERP.Api.csproj", "{7C0BE202-1750-4AFB-A5ED-928370602E9F}"
EndProject
Project("{FAE04EC0-301F-11D3-BF4B-00C04F79EFBC}") = "ERP.Api.Tests", "tests\ERP.Api.Tests\ERP.Api.Tests.csproj", "{8D6916E8-5189-43EF-AA00-B7E04853F4DF}"
EndProject
Project("{FAE04EC0-301F-11D3-BF4B-00C04F79EFBC}") = "ERP.Core.Swagger", "src\Core\ERP.Core.Swagger\ERP.Core.Swagger.csproj", "{951E9B4E-A65C-458D-84D1-2A9FB73A1872}"
EndProject
Project("{FAE04EC0-301F-11D3-BF4B-00C04F79EFBC}") = "ERP.Core.Storage.FileSystem", "src\Core\ERP.Core.Storage.FileSystem\ERP.Core.Storage.FileSystem.csproj", "{999EFDE9-AD47-49C1-B459-CD7C348811E2}"
EndProject
Project("{FAE04EC0-301F-11D3-BF4B-00C04F79EFBC}") = "ERP.Core.Policy.Permission", "src\Core\ERP.Core.Policy.Permission\ERP.Core.Policy.Permission.csproj", "{6E4C40AA-60AC-4FE4-903A-C69C0EE78DB6}"
EndProject
Project("{FAE04EC0-301F-11D3-BF4B-00C04F79EFBC}") = "ERP.Core.Policy.Permission.EfCore", "src\Core\ERP.Core.Policy.Permission.EfCore\ERP.Core.Policy.Permission.EfCore.csproj", "{B4471C47-ED67-4426-9586-E2F38DFA7D97}"
EndProject
Project("{2150E333-8FDC-42A3-9474-1A3956D46DE8}") = "Modules", "Modules", "{39C73581-2086-4EBA-BDF0-11C2595A36C1}"
EndProject
Project("{2150E333-8FDC-42A3-9474-1A3956D46DE8}") = "Finance", "Finance", "{B8B8F7B2-FF93-4FA5-AEC8-B6F30BBE2926}"
EndProject
Project("{FAE04EC0-301F-11D3-BF4B-00C04F79EFBC}") = "ERP.Finance.Api", "src\Modules\Finance\ERP.Finance.Api\ERP.Finance.Api.csproj", "{01569848-10CF-42E0-8883-0DBEFD31F771}"
EndProject
Project("{FAE04EC0-301F-11D3-BF4B-00C04F79EFBC}") = "ERP.Finance.Application", "src\Modules\Finance\ERP.Finance.Application\ERP.Finance.Application.csproj", "{7D745D6F-5395-43B6-A64C-12DAEDA35EDD}"
EndProject
Project("{FAE04EC0-301F-11D3-BF4B-00C04F79EFBC}") = "ERP.Finance.Domain", "src\Modules\Finance\ERP.Finance.Domain\ERP.Finance.Domain.csproj", "{148683EB-7249-4068-8F87-91204FB90BEB}"
EndProject
Project("{FAE04EC0-301F-11D3-BF4B-00C04F79EFBC}") = "ERP.Finance.Infrastructure", "src\Modules\Finance\ERP.Finance.Infrastructure\ERP.Finance.Infrastructure.csproj", "{FCEBAF33-3038-454F-A0AC-90FAB1F9B773}"
EndProject
Project("{2150E333-8FDC-42A3-9474-1A3956D46DE8}") = "Treasury", "Treasury", "{2FC6DCEE-3A01-4541-87E2-24704BE63B19}"
EndProject
Project("{2150E333-8FDC-42A3-9474-1A3956D46DE8}") = "Audit", "Audit", "{26E41A3E-D893-4599-9BA2-4C860D36E410}"
EndProject
Project("{FAE04EC0-301F-11D3-BF4B-00C04F79EFBC}") = "ERP.Audit.Infrastructure", "src\Modules\Audit\ERP.Audit.Infrastructure\ERP.Audit.Infrastructure.csproj", "{8944E4A6-802E-4DBE-B666-A28FBD39B513}"
EndProject
Project("{FAE04EC0-301F-11D3-BF4B-00C04F79EFBC}") = "ERP.Audit.Domain", "src\Modules\Audit\ERP.Audit.Domain\ERP.Audit.Domain.csproj", "{E03A81EA-A982-4042-A337-B22626783413}"
EndProject
Project("{FAE04EC0-301F-11D3-BF4B-00C04F79EFBC}") = "ERP.Audit.Application", "src\Modules\Audit\ERP.Audit.Application\ERP.Audit.Application.csproj", "{BAB270D9-2A50-42F3-AF69-B247B5847C92}"
EndProject
Project("{FAE04EC0-301F-11D3-BF4B-00C04F79EFBC}") = "ERP.Audit.Api", "src\Modules\Audit\ERP.Audit.Api\ERP.Audit.Api.csproj", "{A6DCD91E-DEE4-4FB8-837E-0BA5C6F08317}"
EndProject
Project("{FAE04EC0-301F-11D3-BF4B-00C04F79EFBC}") = "ERP.Treasury.Infrastructure", "src\Modules\Treasury\ERP.Treasury.Infrastructure\ERP.Treasury.Infrastructure.csproj", "{7BAC8018-61FA-422E-931B-A43DDDDC1947}"
EndProject
Project("{FAE04EC0-301F-11D3-BF4B-00C04F79EFBC}") = "ERP.Treasury.Domain", "src\Modules\Treasury\ERP.Treasury.Domain\ERP.Treasury.Domain.csproj", "{775768AD-B805-4C0B-A857-DAAE5C45679B}"
EndProject
Project("{FAE04EC0-301F-11D3-BF4B-00C04F79EFBC}") = "ERP.Treasury.Application", "src\Modules\Treasury\ERP.Treasury.Application\ERP.Treasury.Application.csproj", "{162A84B2-4707-407C-B3EB-BF698D10BAF5}"
EndProject
Project("{FAE04EC0-301F-11D3-BF4B-00C04F79EFBC}") = "ERP.Treasury.Api", "src\Modules\Treasury\ERP.Treasury.Api\ERP.Treasury.Api.csproj", "{DDD56369-8532-44EB-925A-7663C3E4D3B1}"
EndProject
Project("{2150E333-8FDC-42A3-9474-1A3956D46DE8}") = "CashManagement", "CashManagement", "{9F2F4391-B93A-4A70-B876-8152BE2B833D}"
EndProject
Project("{FAE04EC0-301F-11D3-BF4B-00C04F79EFBC}") = "ERP.CashManagement.Infrastructure", "src\Modules\CashManagement\ERP.CashManagement.Infrastructure\ERP.CashManagement.Infrastructure.csproj", "{1AC35D1E-092D-40B6-ABA4-3A550C562793}"
EndProject
Project("{FAE04EC0-301F-11D3-BF4B-00C04F79EFBC}") = "ERP.CashManagement.Domain", "src\Modules\CashManagement\ERP.CashManagement.Domain\ERP.CashManagement.Domain.csproj", "{7E385E81-9E67-4723-B760-631BC0594C45}"
EndProject
Project("{FAE04EC0-301F-11D3-BF4B-00C04F79EFBC}") = "ERP.CashManagement.Application", "src\Modules\CashManagement\ERP.CashManagement.Application\ERP.CashManagement.Application.csproj", "{D5958692-E76E-41A1-ACF2-6734966900F8}"
EndProject
Project("{FAE04EC0-301F-11D3-BF4B-00C04F79EFBC}") = "ERP.CashManagement.Api", "src\Modules\CashManagement\ERP.CashManagement.Api\ERP.CashManagement.Api.csproj", "{F574FA62-3D89-4D89-8281-7DE1B91F88A3}"
EndProject
Project("{2150E333-8FDC-42A3-9474-1A3956D46DE8}") = "Shared", "Shared", "{7A4E5E72-34D9-4DBB-B960-1339142ED022}"
EndProject
Project("{FAE04EC0-301F-11D3-BF4B-00C04F79EFBC}") = "ERP.Shared.Events", "src\Modules\Shared\ERP.Shared.Events\ERP.Shared.Events.csproj", "{D1D79E5D-B0BD-428F-BCC5-D227FCC8E5A4}"
EndProject
Global
	GlobalSection(SolutionConfigurationPlatforms) = preSolution
		Debug|Any CPU = Debug|Any CPU
		Release|Any CPU = Release|Any CPU
	EndGlobalSection
	GlobalSection(ProjectConfigurationPlatforms) = postSolution
		{A445D145-DC2E-40BA-9994-724E7DCAC1CE}.Debug|Any CPU.ActiveCfg = Debug|Any CPU
		{A445D145-DC2E-40BA-9994-724E7DCAC1CE}.Debug|Any CPU.Build.0 = Debug|Any CPU
		{A445D145-DC2E-40BA-9994-724E7DCAC1CE}.Release|Any CPU.ActiveCfg = Release|Any CPU
		{A445D145-DC2E-40BA-9994-724E7DCAC1CE}.Release|Any CPU.Build.0 = Release|Any CPU
		{39ADAB4D-DBE5-4B82-AE5D-68AC6D1EC1F5}.Debug|Any CPU.ActiveCfg = Debug|Any CPU
		{39ADAB4D-DBE5-4B82-AE5D-68AC6D1EC1F5}.Debug|Any CPU.Build.0 = Debug|Any CPU
		{39ADAB4D-DBE5-4B82-AE5D-68AC6D1EC1F5}.Release|Any CPU.ActiveCfg = Release|Any CPU
		{39ADAB4D-DBE5-4B82-AE5D-68AC6D1EC1F5}.Release|Any CPU.Build.0 = Release|Any CPU
		{A8B53CDF-A2E2-448A-96D1-A4B45B7BA3F5}.Debug|Any CPU.ActiveCfg = Debug|Any CPU
		{A8B53CDF-A2E2-448A-96D1-A4B45B7BA3F5}.Debug|Any CPU.Build.0 = Debug|Any CPU
		{A8B53CDF-A2E2-448A-96D1-A4B45B7BA3F5}.Release|Any CPU.ActiveCfg = Release|Any CPU
		{A8B53CDF-A2E2-448A-96D1-A4B45B7BA3F5}.Release|Any CPU.Build.0 = Release|Any CPU
		{D5DE04C2-9F27-4084-A739-9DB6AAAF77FC}.Debug|Any CPU.ActiveCfg = Debug|Any CPU
		{D5DE04C2-9F27-4084-A739-9DB6AAAF77FC}.Debug|Any CPU.Build.0 = Debug|Any CPU
		{D5DE04C2-9F27-4084-A739-9DB6AAAF77FC}.Release|Any CPU.ActiveCfg = Release|Any CPU
		{D5DE04C2-9F27-4084-A739-9DB6AAAF77FC}.Release|Any CPU.Build.0 = Release|Any CPU
		{A956B592-ADF9-4D0F-92C3-79FFF5CAC51E}.Debug|Any CPU.ActiveCfg = Debug|Any CPU
		{A956B592-ADF9-4D0F-92C3-79FFF5CAC51E}.Debug|Any CPU.Build.0 = Debug|Any CPU
		{A956B592-ADF9-4D0F-92C3-79FFF5CAC51E}.Release|Any CPU.ActiveCfg = Release|Any CPU
		{A956B592-ADF9-4D0F-92C3-79FFF5CAC51E}.Release|Any CPU.Build.0 = Release|Any CPU
		{111C688F-2051-42C7-8A90-B0A96DF66DA8}.Debug|Any CPU.ActiveCfg = Debug|Any CPU
		{111C688F-2051-42C7-8A90-B0A96DF66DA8}.Debug|Any CPU.Build.0 = Debug|Any CPU
		{111C688F-2051-42C7-8A90-B0A96DF66DA8}.Release|Any CPU.ActiveCfg = Release|Any CPU
		{111C688F-2051-42C7-8A90-B0A96DF66DA8}.Release|Any CPU.Build.0 = Release|Any CPU
		{D1ECB66D-B5D9-47D8-8093-2874F42FB7AA}.Debug|Any CPU.ActiveCfg = Debug|Any CPU
		{D1ECB66D-B5D9-47D8-8093-2874F42FB7AA}.Debug|Any CPU.Build.0 = Debug|Any CPU
		{D1ECB66D-B5D9-47D8-8093-2874F42FB7AA}.Release|Any CPU.ActiveCfg = Release|Any CPU
		{D1ECB66D-B5D9-47D8-8093-2874F42FB7AA}.Release|Any CPU.Build.0 = Release|Any CPU
		{7C0BE202-1750-4AFB-A5ED-928370602E9F}.Debug|Any CPU.ActiveCfg = Debug|Any CPU
		{7C0BE202-1750-4AFB-A5ED-928370602E9F}.Debug|Any CPU.Build.0 = Debug|Any CPU
		{7C0BE202-1750-4AFB-A5ED-928370602E9F}.Release|Any CPU.ActiveCfg = Release|Any CPU
		{7C0BE202-1750-4AFB-A5ED-928370602E9F}.Release|Any CPU.Build.0 = Release|Any CPU
		{8D6916E8-5189-43EF-AA00-B7E04853F4DF}.Debug|Any CPU.ActiveCfg = Debug|Any CPU
		{8D6916E8-5189-43EF-AA00-B7E04853F4DF}.Debug|Any CPU.Build.0 = Debug|Any CPU
		{8D6916E8-5189-43EF-AA00-B7E04853F4DF}.Release|Any CPU.ActiveCfg = Release|Any CPU
		{8D6916E8-5189-43EF-AA00-B7E04853F4DF}.Release|Any CPU.Build.0 = Release|Any CPU
		{951E9B4E-A65C-458D-84D1-2A9FB73A1872}.Debug|Any CPU.ActiveCfg = Debug|Any CPU
		{951E9B4E-A65C-458D-84D1-2A9FB73A1872}.Debug|Any CPU.Build.0 = Debug|Any CPU
		{951E9B4E-A65C-458D-84D1-2A9FB73A1872}.Release|Any CPU.ActiveCfg = Release|Any CPU
		{951E9B4E-A65C-458D-84D1-2A9FB73A1872}.Release|Any CPU.Build.0 = Release|Any CPU
		{999EFDE9-AD47-49C1-B459-CD7C348811E2}.Debug|Any CPU.ActiveCfg = Debug|Any CPU
		{999EFDE9-AD47-49C1-B459-CD7C348811E2}.Debug|Any CPU.Build.0 = Debug|Any CPU
		{999EFDE9-AD47-49C1-B459-CD7C348811E2}.Release|Any CPU.ActiveCfg = Release|Any CPU
		{999EFDE9-AD47-49C1-B459-CD7C348811E2}.Release|Any CPU.Build.0 = Release|Any CPU
		{6E4C40AA-60AC-4FE4-903A-C69C0EE78DB6}.Debug|Any CPU.ActiveCfg = Debug|Any CPU
		{6E4C40AA-60AC-4FE4-903A-C69C0EE78DB6}.Debug|Any CPU.Build.0 = Debug|Any CPU
		{6E4C40AA-60AC-4FE4-903A-C69C0EE78DB6}.Release|Any CPU.ActiveCfg = Release|Any CPU
		{6E4C40AA-60AC-4FE4-903A-C69C0EE78DB6}.Release|Any CPU.Build.0 = Release|Any CPU
		{B4471C47-ED67-4426-9586-E2F38DFA7D97}.Debug|Any CPU.ActiveCfg = Debug|Any CPU
		{B4471C47-ED67-4426-9586-E2F38DFA7D97}.Debug|Any CPU.Build.0 = Debug|Any CPU
		{B4471C47-ED67-4426-9586-E2F38DFA7D97}.Release|Any CPU.ActiveCfg = Release|Any CPU
		{B4471C47-ED67-4426-9586-E2F38DFA7D97}.Release|Any CPU.Build.0 = Release|Any CPU
		{01569848-10CF-42E0-8883-0DBEFD31F771}.Debug|Any CPU.ActiveCfg = Debug|Any CPU
		{01569848-10CF-42E0-8883-0DBEFD31F771}.Debug|Any CPU.Build.0 = Debug|Any CPU
		{01569848-10CF-42E0-8883-0DBEFD31F771}.Release|Any CPU.ActiveCfg = Release|Any CPU
		{01569848-10CF-42E0-8883-0DBEFD31F771}.Release|Any CPU.Build.0 = Release|Any CPU
		{7D745D6F-5395-43B6-A64C-12DAEDA35EDD}.Debug|Any CPU.ActiveCfg = Debug|Any CPU
		{7D745D6F-5395-43B6-A64C-12DAEDA35EDD}.Debug|Any CPU.Build.0 = Debug|Any CPU
		{7D745D6F-5395-43B6-A64C-12DAEDA35EDD}.Release|Any CPU.ActiveCfg = Release|Any CPU
		{7D745D6F-5395-43B6-A64C-12DAEDA35EDD}.Release|Any CPU.Build.0 = Release|Any CPU
		{148683EB-7249-4068-8F87-91204FB90BEB}.Debug|Any CPU.ActiveCfg = Debug|Any CPU
		{148683EB-7249-4068-8F87-91204FB90BEB}.Debug|Any CPU.Build.0 = Debug|Any CPU
		{148683EB-7249-4068-8F87-91204FB90BEB}.Release|Any CPU.ActiveCfg = Release|Any CPU
		{148683EB-7249-4068-8F87-91204FB90BEB}.Release|Any CPU.Build.0 = Release|Any CPU
		{FCEBAF33-3038-454F-A0AC-90FAB1F9B773}.Debug|Any CPU.ActiveCfg = Debug|Any CPU
		{FCEBAF33-3038-454F-A0AC-90FAB1F9B773}.Debug|Any CPU.Build.0 = Debug|Any CPU
		{FCEBAF33-3038-454F-A0AC-90FAB1F9B773}.Release|Any CPU.ActiveCfg = Release|Any CPU
		{FCEBAF33-3038-454F-A0AC-90FAB1F9B773}.Release|Any CPU.Build.0 = Release|Any CPU
		{8944E4A6-802E-4DBE-B666-A28FBD39B513}.Debug|Any CPU.ActiveCfg = Debug|Any CPU
		{8944E4A6-802E-4DBE-B666-A28FBD39B513}.Debug|Any CPU.Build.0 = Debug|Any CPU
		{8944E4A6-802E-4DBE-B666-A28FBD39B513}.Release|Any CPU.ActiveCfg = Release|Any CPU
		{8944E4A6-802E-4DBE-B666-A28FBD39B513}.Release|Any CPU.Build.0 = Release|Any CPU
		{E03A81EA-A982-4042-A337-B22626783413}.Debug|Any CPU.ActiveCfg = Debug|Any CPU
		{E03A81EA-A982-4042-A337-B22626783413}.Debug|Any CPU.Build.0 = Debug|Any CPU
		{E03A81EA-A982-4042-A337-B22626783413}.Release|Any CPU.ActiveCfg = Release|Any CPU
		{E03A81EA-A982-4042-A337-B22626783413}.Release|Any CPU.Build.0 = Release|Any CPU
		{BAB270D9-2A50-42F3-AF69-B247B5847C92}.Debug|Any CPU.ActiveCfg = Debug|Any CPU
		{BAB270D9-2A50-42F3-AF69-B247B5847C92}.Debug|Any CPU.Build.0 = Debug|Any CPU
		{BAB270D9-2A50-42F3-AF69-B247B5847C92}.Release|Any CPU.ActiveCfg = Release|Any CPU
		{BAB270D9-2A50-42F3-AF69-B247B5847C92}.Release|Any CPU.Build.0 = Release|Any CPU
		{A6DCD91E-DEE4-4FB8-837E-0BA5C6F08317}.Debug|Any CPU.ActiveCfg = Debug|Any CPU
		{A6DCD91E-DEE4-4FB8-837E-0BA5C6F08317}.Debug|Any CPU.Build.0 = Debug|Any CPU
		{A6DCD91E-DEE4-4FB8-837E-0BA5C6F08317}.Release|Any CPU.ActiveCfg = Release|Any CPU
		{A6DCD91E-DEE4-4FB8-837E-0BA5C6F08317}.Release|Any CPU.Build.0 = Release|Any CPU
		{7BAC8018-61FA-422E-931B-A43DDDDC1947}.Debug|Any CPU.ActiveCfg = Debug|Any CPU
		{7BAC8018-61FA-422E-931B-A43DDDDC1947}.Debug|Any CPU.Build.0 = Debug|Any CPU
		{7BAC8018-61FA-422E-931B-A43DDDDC1947}.Release|Any CPU.ActiveCfg = Release|Any CPU
		{7BAC8018-61FA-422E-931B-A43DDDDC1947}.Release|Any CPU.Build.0 = Release|Any CPU
		{775768AD-B805-4C0B-A857-DAAE5C45679B}.Debug|Any CPU.ActiveCfg = Debug|Any CPU
		{775768AD-B805-4C0B-A857-DAAE5C45679B}.Debug|Any CPU.Build.0 = Debug|Any CPU
		{775768AD-B805-4C0B-A857-DAAE5C45679B}.Release|Any CPU.ActiveCfg = Release|Any CPU
		{775768AD-B805-4C0B-A857-DAAE5C45679B}.Release|Any CPU.Build.0 = Release|Any CPU
		{162A84B2-4707-407C-B3EB-BF698D10BAF5}.Debug|Any CPU.ActiveCfg = Debug|Any CPU
		{162A84B2-4707-407C-B3EB-BF698D10BAF5}.Debug|Any CPU.Build.0 = Debug|Any CPU
		{162A84B2-4707-407C-B3EB-BF698D10BAF5}.Release|Any CPU.ActiveCfg = Release|Any CPU
		{162A84B2-4707-407C-B3EB-BF698D10BAF5}.Release|Any CPU.Build.0 = Release|Any CPU
		{DDD56369-8532-44EB-925A-7663C3E4D3B1}.Debug|Any CPU.ActiveCfg = Debug|Any CPU
		{DDD56369-8532-44EB-925A-7663C3E4D3B1}.Debug|Any CPU.Build.0 = Debug|Any CPU
		{DDD56369-8532-44EB-925A-7663C3E4D3B1}.Release|Any CPU.ActiveCfg = Release|Any CPU
		{DDD56369-8532-44EB-925A-7663C3E4D3B1}.Release|Any CPU.Build.0 = Release|Any CPU
		{1AC35D1E-092D-40B6-ABA4-3A550C562793}.Debug|Any CPU.ActiveCfg = Debug|Any CPU
		{1AC35D1E-092D-40B6-ABA4-3A550C562793}.Debug|Any CPU.Build.0 = Debug|Any CPU
		{1AC35D1E-092D-40B6-ABA4-3A550C562793}.Release|Any CPU.ActiveCfg = Release|Any CPU
		{1AC35D1E-092D-40B6-ABA4-3A550C562793}.Release|Any CPU.Build.0 = Release|Any CPU
		{7E385E81-9E67-4723-B760-631BC0594C45}.Debug|Any CPU.ActiveCfg = Debug|Any CPU
		{7E385E81-9E67-4723-B760-631BC0594C45}.Debug|Any CPU.Build.0 = Debug|Any CPU
		{7E385E81-9E67-4723-B760-631BC0594C45}.Release|Any CPU.ActiveCfg = Release|Any CPU
		{7E385E81-9E67-4723-B760-631BC0594C45}.Release|Any CPU.Build.0 = Release|Any CPU
		{D5958692-E76E-41A1-ACF2-6734966900F8}.Debug|Any CPU.ActiveCfg = Debug|Any CPU
		{D5958692-E76E-41A1-ACF2-6734966900F8}.Debug|Any CPU.Build.0 = Debug|Any CPU
		{D5958692-E76E-41A1-ACF2-6734966900F8}.Release|Any CPU.ActiveCfg = Release|Any CPU
		{D5958692-E76E-41A1-ACF2-6734966900F8}.Release|Any CPU.Build.0 = Release|Any CPU
		{F574FA62-3D89-4D89-8281-7DE1B91F88A3}.Debug|Any CPU.ActiveCfg = Debug|Any CPU
		{F574FA62-3D89-4D89-8281-7DE1B91F88A3}.Debug|Any CPU.Build.0 = Debug|Any CPU
		{F574FA62-3D89-4D89-8281-7DE1B91F88A3}.Release|Any CPU.ActiveCfg = Release|Any CPU
		{F574FA62-3D89-4D89-8281-7DE1B91F88A3}.Release|Any CPU.Build.0 = Release|Any CPU
		{D1D79E5D-B0BD-428F-BCC5-D227FCC8E5A4}.Debug|Any CPU.ActiveCfg = Debug|Any CPU
		{D1D79E5D-B0BD-428F-BCC5-D227FCC8E5A4}.Debug|Any CPU.Build.0 = Debug|Any CPU
		{D1D79E5D-B0BD-428F-BCC5-D227FCC8E5A4}.Release|Any CPU.ActiveCfg = Release|Any CPU
		{D1D79E5D-B0BD-428F-BCC5-D227FCC8E5A4}.Release|Any CPU.Build.0 = Release|Any CPU
	EndGlobalSection
	GlobalSection(NestedProjects) = preSolution
		{DF03D3F7-5068-42A9-8FDF-9B9015A52C9E} = {9A75FCFA-6DC1-4DF3-8168-48CC073E2765}
		{EA4A61B1-53C9-4D6E-A2A3-D7742BE5EE09} = {9A75FCFA-6DC1-4DF3-8168-48CC073E2765}
		{A445D145-DC2E-40BA-9994-724E7DCAC1CE} = {DF03D3F7-5068-42A9-8FDF-9B9015A52C9E}
		{39ADAB4D-DBE5-4B82-AE5D-68AC6D1EC1F5} = {DF03D3F7-5068-42A9-8FDF-9B9015A52C9E}
		{A8B53CDF-A2E2-448A-96D1-A4B45B7BA3F5} = {DF03D3F7-5068-42A9-8FDF-9B9015A52C9E}
		{D5DE04C2-9F27-4084-A739-9DB6AAAF77FC} = {DF03D3F7-5068-42A9-8FDF-9B9015A52C9E}
		{A956B592-ADF9-4D0F-92C3-79FFF5CAC51E} = {EA4A61B1-53C9-4D6E-A2A3-D7742BE5EE09}
		{111C688F-2051-42C7-8A90-B0A96DF66DA8} = {EA4A61B1-53C9-4D6E-A2A3-D7742BE5EE09}
		{D1ECB66D-B5D9-47D8-8093-2874F42FB7AA} = {EA4A61B1-53C9-4D6E-A2A3-D7742BE5EE09}
		{7C0BE202-1750-4AFB-A5ED-928370602E9F} = {EA4A61B1-53C9-4D6E-A2A3-D7742BE5EE09}
		{8D6916E8-5189-43EF-AA00-B7E04853F4DF} = {47CB401A-FD83-48B0-9408-985F9ACA7163}
		{951E9B4E-A65C-458D-84D1-2A9FB73A1872} = {DF03D3F7-5068-42A9-8FDF-9B9015A52C9E}
		{999EFDE9-AD47-49C1-B459-CD7C348811E2} = {DF03D3F7-5068-42A9-8FDF-9B9015A52C9E}
		{6E4C40AA-60AC-4FE4-903A-C69C0EE78DB6} = {DF03D3F7-5068-42A9-8FDF-9B9015A52C9E}
		{B4471C47-ED67-4426-9586-E2F38DFA7D97} = {DF03D3F7-5068-42A9-8FDF-9B9015A52C9E}
		{39C73581-2086-4EBA-BDF0-11C2595A36C1} = {9A75FCFA-6DC1-4DF3-8168-48CC073E2765}
		{B8B8F7B2-FF93-4FA5-AEC8-B6F30BBE2926} = {39C73581-2086-4EBA-BDF0-11C2595A36C1}
		{01569848-10CF-42E0-8883-0DBEFD31F771} = {B8B8F7B2-FF93-4FA5-AEC8-B6F30BBE2926}
		{7D745D6F-5395-43B6-A64C-12DAEDA35EDD} = {B8B8F7B2-FF93-4FA5-AEC8-B6F30BBE2926}
		{148683EB-7249-4068-8F87-91204FB90BEB} = {B8B8F7B2-FF93-4FA5-AEC8-B6F30BBE2926}
		{FCEBAF33-3038-454F-A0AC-90FAB1F9B773} = {B8B8F7B2-FF93-4FA5-AEC8-B6F30BBE2926}
		{2FC6DCEE-3A01-4541-87E2-24704BE63B19} = {39C73581-2086-4EBA-BDF0-11C2595A36C1}
		{26E41A3E-D893-4599-9BA2-4C860D36E410} = {39C73581-2086-4EBA-BDF0-11C2595A36C1}
		{8944E4A6-802E-4DBE-B666-A28FBD39B513} = {26E41A3E-D893-4599-9BA2-4C860D36E410}
		{E03A81EA-A982-4042-A337-B22626783413} = {26E41A3E-D893-4599-9BA2-4C860D36E410}
		{BAB270D9-2A50-42F3-AF69-B247B5847C92} = {26E41A3E-D893-4599-9BA2-4C860D36E410}
		{A6DCD91E-DEE4-4FB8-837E-0BA5C6F08317} = {26E41A3E-D893-4599-9BA2-4C860D36E410}
		{7BAC8018-61FA-422E-931B-A43DDDDC1947} = {2FC6DCEE-3A01-4541-87E2-24704BE63B19}
		{775768AD-B805-4C0B-A857-DAAE5C45679B} = {2FC6DCEE-3A01-4541-87E2-24704BE63B19}
		{162A84B2-4707-407C-B3EB-BF698D10BAF5} = {2FC6DCEE-3A01-4541-87E2-24704BE63B19}
		{DDD56369-8532-44EB-925A-7663C3E4D3B1} = {2FC6DCEE-3A01-4541-87E2-24704BE63B19}
		{9F2F4391-B93A-4A70-B876-8152BE2B833D} = {39C73581-2086-4EBA-BDF0-11C2595A36C1}
		{1AC35D1E-092D-40B6-ABA4-3A550C562793} = {9F2F4391-B93A-4A70-B876-8152BE2B833D}
		{7E385E81-9E67-4723-B760-631BC0594C45} = {9F2F4391-B93A-4A70-B876-8152BE2B833D}
		{D5958692-E76E-41A1-ACF2-6734966900F8} = {9F2F4391-B93A-4A70-B876-8152BE2B833D}
		{F574FA62-3D89-4D89-8281-7DE1B91F88A3} = {9F2F4391-B93A-4A70-B876-8152BE2B833D}
		{7A4E5E72-34D9-4DBB-B960-1339142ED022} = {39C73581-2086-4EBA-BDF0-11C2595A36C1}
		{D1D79E5D-B0BD-428F-BCC5-D227FCC8E5A4} = {7A4E5E72-34D9-4DBB-B960-1339142ED022}
	EndGlobalSection
EndGlobal
